
Microsoft Visual Studio Solution File, Format Version 12.00
# Visual Studio Version 17
VisualStudioVersion = 17.5.33502.453
MinimumVisualStudioVersion = 10.0.40219.1
Project("{8BC9CEB8-8B4A-11D0-8D11-00A0C91BC942}") = "ioFile", "ioFile\ioFile.vcxproj", "{42DF29EB-E944-45C2-B1B3-7DD6C8368DCE}"
EndProject
Project("{8BC9CEB8-8B4A-11D0-8D11-00A0C91BC942}") = "iofilewithpath", "iofilewithpath\iofilewithpath.vcxproj", "{5CA2C920-B774-40D5-AD87-B4D9140EFDF1}"
EndProject
Global
	GlobalSection(SolutionConfigurationPlatforms) = preSolution
		Debug|x64 = Debug|x64
		Debug|x86 = Debug|x86
		Release|x64 = Release|x64
		Release|x86 = Release|x86
	EndGlobalSection
	GlobalSection(ProjectConfigurationPlatforms) = postSolution
		{42DF29EB-E944-45C2-B1B3-7DD6C8368DCE}.Debug|x64.ActiveCfg = Debug|x64
		{42DF29EB-E944-45C2-B1B3-7DD6C8368DCE}.Debug|x64.Build.0 = Debug|x64
		{42DF29EB-E944-45C2-B1B3-7DD6C8368DCE}.Debug|x86.ActiveCfg = Debug|Win32
		{42DF29EB-E944-45C2-B1B3-7DD6C8368DCE}.Debug|x86.Build.0 = Debug|Win32
		{42DF29EB-E944-45C2-B1B3-7DD6C8368DCE}.Release|x64.ActiveCfg = Release|x64
		{42DF29EB-E944-45C2-B1B3-7DD6C8368DCE}.Release|x64.Build.0 = Release|x64
		{42DF29EB-E944-45C2-B1B3-7DD6C8368DCE}.Release|x86.ActiveCfg = Release|Win32
		{42DF29EB-E944-45C2-B1B3-7DD6C8368DCE}.Release|x86.Build.0 = Release|Win32
		{5CA2C920-B774-40D5-AD87-B4D9140EFDF1}.Debug|x64.ActiveCfg = Debug|x64
		{5CA2C920-B774-40D5-AD87-B4D9140EFDF1}.Debug|x64.Build.0 = Debug|x64
		{5CA2C920-B774-40D5-AD87-B4D9140EFDF1}.Debug|x86.ActiveCfg = Debug|Win32
		{5CA2C920-B774-40D5-AD87-B4D9140EFDF1}.Debug|x86.Build.0 = Debug|Win32
		{5CA2C920-B774-40D5-AD87-B4D9140EFDF1}.Release|x64.ActiveCfg = Release|x64
		{5CA2C920-B774-40D5-AD87-B4D9140EFDF1}.Release|x64.Build.0 = Release|x64
		{5CA2C920-B774-40D5-AD87-B4D9140EFDF1}.Release|x86.ActiveCfg = Release|Win32
		{5CA2C920-B774-40D5-AD87-B4D9140EFDF1}.Release|x86.Build.0 = Release|Win32
	EndGlobalSection
	GlobalSection(SolutionProperties) = preSolution
		HideSolutionNode = FALSE
	EndGlobalSection
	GlobalSection(ExtensibilityGlobals) = postSolution
		SolutionGuid = {DC9A482C-97C6-4790-8FF9-5697DD9B2B4A}
	EndGlobalSection
EndGlobal
